// !$*UTF8*$!
{
	archiveVersion = 1;
	classes = {
	};
	objectVersion = 46;
	objects = {

/* Begin PBXBuildFile section */
		00481BE81AC0C86700671115 /* libRCTWebSocketDebugger.a in Frameworks */ = {isa = PBXBuildFile; fileRef = 00481BE61AC0C7FA00671115 /* libRCTWebSocketDebugger.a */; };
		00481BEA1AC0C89D00671115 /* libicucore.dylib in Frameworks */ = {isa = PBXBuildFile; fileRef = 00481BE91AC0C89D00671115 /* libicucore.dylib */; };
		00C302E51ABCBA2D00DB3ED1 /* libRCTActionSheet.a in Frameworks */ = {isa = PBXBuildFile; fileRef = 00C302AC1ABCB8CE00DB3ED1 /* libRCTActionSheet.a */; };
		00C302E61ABCBA2D00DB3ED1 /* libRCTAdSupport.a in Frameworks */ = {isa = PBXBuildFile; fileRef = 00C302B41ABCB8E700DB3ED1 /* libRCTAdSupport.a */; };
		00C302E71ABCBA2D00DB3ED1 /* libRCTGeolocation.a in Frameworks */ = {isa = PBXBuildFile; fileRef = 00C302BA1ABCB90400DB3ED1 /* libRCTGeolocation.a */; };
		00C302E81ABCBA2D00DB3ED1 /* libRCTImage.a in Frameworks */ = {isa = PBXBuildFile; fileRef = 00C302C01ABCB91800DB3ED1 /* libRCTImage.a */; };
		00C302E91ABCBA2D00DB3ED1 /* libRCTNetwork.a in Frameworks */ = {isa = PBXBuildFile; fileRef = 00C302DC1ABCB9D200DB3ED1 /* libRCTNetwork.a */; };
		00C302EA1ABCBA2D00DB3ED1 /* libRCTVibration.a in Frameworks */ = {isa = PBXBuildFile; fileRef = 00C302E41ABCB9EE00DB3ED1 /* libRCTVibration.a */; };
		13B07FBC1A68108700A75B9A /* AppDelegate.m in Sources */ = {isa = PBXBuildFile; fileRef = 13B07FB01A68108700A75B9A /* AppDelegate.m */; };
		13B07FBD1A68108700A75B9A /* LaunchScreen.xib in Resources */ = {isa = PBXBuildFile; fileRef = 13B07FB11A68108700A75B9A /* LaunchScreen.xib */; };
		13B07FBF1A68108700A75B9A /* Images.xcassets in Resources */ = {isa = PBXBuildFile; fileRef = 13B07FB51A68108700A75B9A /* Images.xcassets */; };
		13B07FC11A68108700A75B9A /* main.m in Sources */ = {isa = PBXBuildFile; fileRef = 13B07FB71A68108700A75B9A /* main.m */; };
		146834051AC3E58100842450 /* libReact.a in Frameworks */ = {isa = PBXBuildFile; fileRef = 146834041AC3E56700842450 /* libReact.a */; };
		2B53FCB31AC89F5700985408 /* SidebarAirbnbAnimation.m in Sources */ = {isa = PBXBuildFile; fileRef = 2B53FC9E1AC89F5700985408 /* SidebarAirbnbAnimation.m */; };
		2B53FCB41AC89F5700985408 /* SidebarAnimation.m in Sources */ = {isa = PBXBuildFile; fileRef = 2B53FCA01AC89F5700985408 /* SidebarAnimation.m */; };
		2B53FCB51AC89F5700985408 /* SidebarFacebookAnimation.m in Sources */ = {isa = PBXBuildFile; fileRef = 2B53FCA21AC89F5700985408 /* SidebarFacebookAnimation.m */; };
		2B53FCB61AC89F5700985408 /* SidebarFeedlyAnimation.m in Sources */ = {isa = PBXBuildFile; fileRef = 2B53FCA41AC89F5700985408 /* SidebarFeedlyAnimation.m */; };
		2B53FCB71AC89F5700985408 /* SidebarFlipboardAnimation.m in Sources */ = {isa = PBXBuildFile; fileRef = 2B53FCA61AC89F5700985408 /* SidebarFlipboardAnimation.m */; };
		2B53FCB81AC89F5700985408 /* SidebarLuvocracyAnimation.m in Sources */ = {isa = PBXBuildFile; fileRef = 2B53FCA81AC89F5700985408 /* SidebarLuvocracyAnimation.m */; };
		2B53FCB91AC89F5700985408 /* SidebarWunderlistAnimation.m in Sources */ = {isa = PBXBuildFile; fileRef = 2B53FCAA1AC89F5700985408 /* SidebarWunderlistAnimation.m */; };
		2B53FCBA1AC89F5700985408 /* SidebarContentView.m in Sources */ = {isa = PBXBuildFile; fileRef = 2B53FCAC1AC89F5700985408 /* SidebarContentView.m */; };
		2B53FCBB1AC89F5700985408 /* SidebarLeftView.m in Sources */ = {isa = PBXBuildFile; fileRef = 2B53FCAE1AC89F5700985408 /* SidebarLeftView.m */; };
		2B53FCBC1AC89F5700985408 /* SidebarMainViewManager.m in Sources */ = {isa = PBXBuildFile; fileRef = 2B53FCB01AC89F5700985408 /* SidebarMainViewManager.m */; };
		2B53FCBD1AC89F5700985408 /* TheSidebarController.m in Sources */ = {isa = PBXBuildFile; fileRef = 2B53FCB21AC89F5700985408 /* TheSidebarController.m */; };
		2B53FCC01AC8A0DD00985408 /* SidebarMainView.m in Sources */ = {isa = PBXBuildFile; fileRef = 2B53FCBF1AC8A0DD00985408 /* SidebarMainView.m */; };
		2B53FCD51AC8AE9900985408 /* SidebarContentViewManager.m in Sources */ = {isa = PBXBuildFile; fileRef = 2B53FCD41AC8AE9900985408 /* SidebarContentViewManager.m */; };
		2B53FCE11AC8AEAD00985408 /* SidebarLeftViewManager.m in Sources */ = {isa = PBXBuildFile; fileRef = 2B53FCE01AC8AEAD00985408 /* SidebarLeftViewManager.m */; };
		832341BD1AAA6AB300B99B32 /* libRCTText.a in Frameworks */ = {isa = PBXBuildFile; fileRef = 832341B51AAA6A8300B99B32 /* libRCTText.a */; };
/* End PBXBuildFile section */

/* Begin PBXContainerItemProxy section */
		00481BE51AC0C7FA00671115 /* PBXContainerItemProxy */ = {
			isa = PBXContainerItemProxy;
			containerPortal = 00481BDB1AC0C7FA00671115 /* RCTWebSocketDebugger.xcodeproj */;
			proxyType = 2;
			remoteGlobalIDString = 832C81801AAF6DEF007FA2F7;
			remoteInfo = RCTWebSocketDebugger;
		};
		00C302AB1ABCB8CE00DB3ED1 /* PBXContainerItemProxy */ = {
			isa = PBXContainerItemProxy;
			containerPortal = 00C302A71ABCB8CE00DB3ED1 /* RCTActionSheet.xcodeproj */;
			proxyType = 2;
			remoteGlobalIDString = 134814201AA4EA6300B7C361;
			remoteInfo = RCTActionSheet;
		};
		00C302B31ABCB8E700DB3ED1 /* PBXContainerItemProxy */ = {
			isa = PBXContainerItemProxy;
			containerPortal = 00C302AF1ABCB8E700DB3ED1 /* RCTAdSupport.xcodeproj */;
			proxyType = 2;
			remoteGlobalIDString = 832C81801AAF6DEF007FA2F7;
			remoteInfo = RCTAdSupport;
		};
		00C302B91ABCB90400DB3ED1 /* PBXContainerItemProxy */ = {
			isa = PBXContainerItemProxy;
			containerPortal = 00C302B51ABCB90400DB3ED1 /* RCTGeolocation.xcodeproj */;
			proxyType = 2;
			remoteGlobalIDString = 134814201AA4EA6300B7C361;
			remoteInfo = RCTGeolocation;
		};
		00C302BF1ABCB91800DB3ED1 /* PBXContainerItemProxy */ = {
			isa = PBXContainerItemProxy;
			containerPortal = 00C302BB1ABCB91800DB3ED1 /* RCTImage.xcodeproj */;
			proxyType = 2;
			remoteGlobalIDString = 58B5115D1A9E6B3D00147676;
			remoteInfo = RCTImage;
		};
		00C302DB1ABCB9D200DB3ED1 /* PBXContainerItemProxy */ = {
			isa = PBXContainerItemProxy;
			containerPortal = 00C302D31ABCB9D200DB3ED1 /* RCTNetwork.xcodeproj */;
			proxyType = 2;
			remoteGlobalIDString = 58B511DB1A9E6C8500147676;
			remoteInfo = RCTNetwork;
		};
		00C302E31ABCB9EE00DB3ED1 /* PBXContainerItemProxy */ = {
			isa = PBXContainerItemProxy;
			containerPortal = 00C302DF1ABCB9EE00DB3ED1 /* RCTVibration.xcodeproj */;
			proxyType = 2;
			remoteGlobalIDString = 832C81801AAF6DEF007FA2F7;
			remoteInfo = RCTVibration;
		};
		146834031AC3E56700842450 /* PBXContainerItemProxy */ = {
			isa = PBXContainerItemProxy;
			containerPortal = 146833FF1AC3E56700842450 /* React.xcodeproj */;
			proxyType = 2;
			remoteGlobalIDString = 83CBBA2E1A601D0E00E9B192;
			remoteInfo = React;
		};
		832341B41AAA6A8300B99B32 /* PBXContainerItemProxy */ = {
			isa = PBXContainerItemProxy;
			containerPortal = 832341B01AAA6A8300B99B32 /* RCTText.xcodeproj */;
			proxyType = 2;
			remoteGlobalIDString = 58B5119B1A9E6C1200147676;
			remoteInfo = RCTText;
		};
/* End PBXContainerItemProxy section */

/* Begin PBXFileReference section */
		00481BDB1AC0C7FA00671115 /* RCTWebSocketDebugger.xcodeproj */ = {isa = PBXFileReference; lastKnownFileType = "wrapper.pb-project"; name = RCTWebSocketDebugger.xcodeproj; path = "node_modules/react-native/Libraries/RCTWebSocketDebugger/RCTWebSocketDebugger.xcodeproj"; sourceTree = "<group>"; };
		00481BE91AC0C89D00671115 /* libicucore.dylib */ = {isa = PBXFileReference; lastKnownFileType = "compiled.mach-o.dylib"; name = libicucore.dylib; path = usr/lib/libicucore.dylib; sourceTree = SDKROOT; };
		00C302A71ABCB8CE00DB3ED1 /* RCTActionSheet.xcodeproj */ = {isa = PBXFileReference; lastKnownFileType = "wrapper.pb-project"; name = RCTActionSheet.xcodeproj; path = "node_modules/react-native/Libraries/ActionSheetIOS/RCTActionSheet.xcodeproj"; sourceTree = "<group>"; };
		00C302AF1ABCB8E700DB3ED1 /* RCTAdSupport.xcodeproj */ = {isa = PBXFileReference; lastKnownFileType = "wrapper.pb-project"; name = RCTAdSupport.xcodeproj; path = "node_modules/react-native/Libraries/AdSupport/RCTAdSupport.xcodeproj"; sourceTree = "<group>"; };
		00C302B51ABCB90400DB3ED1 /* RCTGeolocation.xcodeproj */ = {isa = PBXFileReference; lastKnownFileType = "wrapper.pb-project"; name = RCTGeolocation.xcodeproj; path = "node_modules/react-native/Libraries/Geolocation/RCTGeolocation.xcodeproj"; sourceTree = "<group>"; };
		00C302BB1ABCB91800DB3ED1 /* RCTImage.xcodeproj */ = {isa = PBXFileReference; lastKnownFileType = "wrapper.pb-project"; name = RCTImage.xcodeproj; path = "node_modules/react-native/Libraries/Image/RCTImage.xcodeproj"; sourceTree = "<group>"; };
		00C302D31ABCB9D200DB3ED1 /* RCTNetwork.xcodeproj */ = {isa = PBXFileReference; lastKnownFileType = "wrapper.pb-project"; name = RCTNetwork.xcodeproj; path = "node_modules/react-native/Libraries/Network/RCTNetwork.xcodeproj"; sourceTree = "<group>"; };
		00C302DF1ABCB9EE00DB3ED1 /* RCTVibration.xcodeproj */ = {isa = PBXFileReference; lastKnownFileType = "wrapper.pb-project"; name = RCTVibration.xcodeproj; path = "node_modules/react-native/Libraries/Vibration/RCTVibration.xcodeproj"; sourceTree = "<group>"; };
		13B07F961A680F5B00A75B9A /* react-thesidebar.app */ = {isa = PBXFileReference; explicitFileType = wrapper.application; includeInIndex = 0; path = "react-thesidebar.app"; sourceTree = BUILT_PRODUCTS_DIR; };
		13B07FAF1A68108700A75B9A /* AppDelegate.h */ = {isa = PBXFileReference; fileEncoding = 4; lastKnownFileType = sourcecode.c.h; name = AppDelegate.h; path = iOS/AppDelegate.h; sourceTree = "<group>"; };
		13B07FB01A68108700A75B9A /* AppDelegate.m */ = {isa = PBXFileReference; fileEncoding = 4; lastKnownFileType = sourcecode.c.objc; name = AppDelegate.m; path = iOS/AppDelegate.m; sourceTree = "<group>"; };
		13B07FB21A68108700A75B9A /* Base */ = {isa = PBXFileReference; lastKnownFileType = file.xib; name = Base; path = Base.lproj/LaunchScreen.xib; sourceTree = "<group>"; };
		13B07FB51A68108700A75B9A /* Images.xcassets */ = {isa = PBXFileReference; lastKnownFileType = folder.assetcatalog; name = Images.xcassets; path = iOS/Images.xcassets; sourceTree = "<group>"; };
		13B07FB61A68108700A75B9A /* Info.plist */ = {isa = PBXFileReference; fileEncoding = 4; lastKnownFileType = text.plist.xml; name = Info.plist; path = iOS/Info.plist; sourceTree = "<group>"; };
		13B07FB71A68108700A75B9A /* main.m */ = {isa = PBXFileReference; fileEncoding = 4; lastKnownFileType = sourcecode.c.objc; name = main.m; path = iOS/main.m; sourceTree = "<group>"; };
		146833FF1AC3E56700842450 /* React.xcodeproj */ = {isa = PBXFileReference; lastKnownFileType = "wrapper.pb-project"; name = React.xcodeproj; path = "node_modules/react-native/React/React.xcodeproj"; sourceTree = "<group>"; };
		2B53FC9D1AC89F5700985408 /* SidebarAirbnbAnimation.h */ = {isa = PBXFileReference; fileEncoding = 4; lastKnownFileType = sourcecode.c.h; path = SidebarAirbnbAnimation.h; sourceTree = "<group>"; };
		2B53FC9E1AC89F5700985408 /* SidebarAirbnbAnimation.m */ = {isa = PBXFileReference; fileEncoding = 4; lastKnownFileType = sourcecode.c.objc; path = SidebarAirbnbAnimation.m; sourceTree = "<group>"; };
		2B53FC9F1AC89F5700985408 /* SidebarAnimation.h */ = {isa = PBXFileReference; fileEncoding = 4; lastKnownFileType = sourcecode.c.h; path = SidebarAnimation.h; sourceTree = "<group>"; };
		2B53FCA01AC89F5700985408 /* SidebarAnimation.m */ = {isa = PBXFileReference; fileEncoding = 4; lastKnownFileType = sourcecode.c.objc; path = SidebarAnimation.m; sourceTree = "<group>"; };
		2B53FCA11AC89F5700985408 /* SidebarFacebookAnimation.h */ = {isa = PBXFileReference; fileEncoding = 4; lastKnownFileType = sourcecode.c.h; path = SidebarFacebookAnimation.h; sourceTree = "<group>"; };
		2B53FCA21AC89F5700985408 /* SidebarFacebookAnimation.m */ = {isa = PBXFileReference; fileEncoding = 4; lastKnownFileType = sourcecode.c.objc; path = SidebarFacebookAnimation.m; sourceTree = "<group>"; };
		2B53FCA31AC89F5700985408 /* SidebarFeedlyAnimation.h */ = {isa = PBXFileReference; fileEncoding = 4; lastKnownFileType = sourcecode.c.h; path = SidebarFeedlyAnimation.h; sourceTree = "<group>"; };
		2B53FCA41AC89F5700985408 /* SidebarFeedlyAnimation.m */ = {isa = PBXFileReference; fileEncoding = 4; lastKnownFileType = sourcecode.c.objc; path = SidebarFeedlyAnimation.m; sourceTree = "<group>"; };
		2B53FCA51AC89F5700985408 /* SidebarFlipboardAnimation.h */ = {isa = PBXFileReference; fileEncoding = 4; lastKnownFileType = sourcecode.c.h; path = SidebarFlipboardAnimation.h; sourceTree = "<group>"; };
		2B53FCA61AC89F5700985408 /* SidebarFlipboardAnimation.m */ = {isa = PBXFileReference; fileEncoding = 4; lastKnownFileType = sourcecode.c.objc; path = SidebarFlipboardAnimation.m; sourceTree = "<group>"; };
		2B53FCA71AC89F5700985408 /* SidebarLuvocracyAnimation.h */ = {isa = PBXFileReference; fileEncoding = 4; lastKnownFileType = sourcecode.c.h; path = SidebarLuvocracyAnimation.h; sourceTree = "<group>"; };
		2B53FCA81AC89F5700985408 /* SidebarLuvocracyAnimation.m */ = {isa = PBXFileReference; fileEncoding = 4; lastKnownFileType = sourcecode.c.objc; path = SidebarLuvocracyAnimation.m; sourceTree = "<group>"; };
		2B53FCA91AC89F5700985408 /* SidebarWunderlistAnimation.h */ = {isa = PBXFileReference; fileEncoding = 4; lastKnownFileType = sourcecode.c.h; path = SidebarWunderlistAnimation.h; sourceTree = "<group>"; };
		2B53FCAA1AC89F5700985408 /* SidebarWunderlistAnimation.m */ = {isa = PBXFileReference; fileEncoding = 4; lastKnownFileType = sourcecode.c.objc; path = SidebarWunderlistAnimation.m; sourceTree = "<group>"; };
		2B53FCAB1AC89F5700985408 /* SidebarContentView.h */ = {isa = PBXFileReference; fileEncoding = 4; lastKnownFileType = sourcecode.c.h; name = SidebarContentView.h; path = iOS/Sidebar/SidebarContentView.h; sourceTree = SOURCE_ROOT; };
		2B53FCAC1AC89F5700985408 /* SidebarContentView.m */ = {isa = PBXFileReference; fileEncoding = 4; lastKnownFileType = sourcecode.c.objc; name = SidebarContentView.m; path = iOS/Sidebar/SidebarContentView.m; sourceTree = SOURCE_ROOT; };
		2B53FCAD1AC89F5700985408 /* SidebarLeftView.h */ = {isa = PBXFileReference; fileEncoding = 4; lastKnownFileType = sourcecode.c.h; name = SidebarLeftView.h; path = iOS/Sidebar/SidebarLeftView.h; sourceTree = SOURCE_ROOT; };
		2B53FCAE1AC89F5700985408 /* SidebarLeftView.m */ = {isa = PBXFileReference; fileEncoding = 4; lastKnownFileType = sourcecode.c.objc; name = SidebarLeftView.m; path = iOS/Sidebar/SidebarLeftView.m; sourceTree = SOURCE_ROOT; };
		2B53FCAF1AC89F5700985408 /* SidebarMainViewManager.h */ = {isa = PBXFileReference; fileEncoding = 4; lastKnownFileType = sourcecode.c.h; name = SidebarMainViewManager.h; path = iOS/Sidebar/SidebarMainViewManager.h; sourceTree = SOURCE_ROOT; };
		2B53FCB01AC89F5700985408 /* SidebarMainViewManager.m */ = {isa = PBXFileReference; fileEncoding = 4; lastKnownFileType = sourcecode.c.objc; name = SidebarMainViewManager.m; path = iOS/Sidebar/SidebarMainViewManager.m; sourceTree = SOURCE_ROOT; };
		2B53FCB11AC89F5700985408 /* TheSidebarController.h */ = {isa = PBXFileReference; fileEncoding = 4; lastKnownFileType = sourcecode.c.h; name = TheSidebarController.h; path = iOS/Sidebar/TheSidebarController.h; sourceTree = SOURCE_ROOT; };
		2B53FCB21AC89F5700985408 /* TheSidebarController.m */ = {isa = PBXFileReference; fileEncoding = 4; lastKnownFileType = sourcecode.c.objc; name = TheSidebarController.m; path = iOS/Sidebar/TheSidebarController.m; sourceTree = SOURCE_ROOT; };
		2B53FCBE1AC8A0DD00985408 /* SidebarMainView.h */ = {isa = PBXFileReference; fileEncoding = 4; lastKnownFileType = sourcecode.c.h; name = SidebarMainView.h; path = iOS/Sidebar/SidebarMainView.h; sourceTree = SOURCE_ROOT; };
		2B53FCBF1AC8A0DD00985408 /* SidebarMainView.m */ = {isa = PBXFileReference; fileEncoding = 4; lastKnownFileType = sourcecode.c.objc; name = SidebarMainView.m; path = iOS/Sidebar/SidebarMainView.m; sourceTree = SOURCE_ROOT; };
		2B53FCD31AC8AE9900985408 /* SidebarContentViewManager.h */ = {isa = PBXFileReference; fileEncoding = 4; lastKnownFileType = sourcecode.c.h; name = SidebarContentViewManager.h; path = iOS/Sidebar/SidebarContentViewManager.h; sourceTree = SOURCE_ROOT; };
		2B53FCD41AC8AE9900985408 /* SidebarContentViewManager.m */ = {isa = PBXFileReference; fileEncoding = 4; lastKnownFileType = sourcecode.c.objc; name = SidebarContentViewManager.m; path = iOS/Sidebar/SidebarContentViewManager.m; sourceTree = SOURCE_ROOT; };
		2B53FCDF1AC8AEAD00985408 /* SidebarLeftViewManager.h */ = {isa = PBXFileReference; fileEncoding = 4; lastKnownFileType = sourcecode.c.h; name = SidebarLeftViewManager.h; path = iOS/Sidebar/SidebarLeftViewManager.h; sourceTree = SOURCE_ROOT; };
		2B53FCE01AC8AEAD00985408 /* SidebarLeftViewManager.m */ = {isa = PBXFileReference; fileEncoding = 4; lastKnownFileType = sourcecode.c.objc; name = SidebarLeftViewManager.m; path = iOS/Sidebar/SidebarLeftViewManager.m; sourceTree = SOURCE_ROOT; };
		832341B01AAA6A8300B99B32 /* RCTText.xcodeproj */ = {isa = PBXFileReference; lastKnownFileType = "wrapper.pb-project"; name = RCTText.xcodeproj; path = "node_modules/react-native/Libraries/Text/RCTText.xcodeproj"; sourceTree = "<group>"; };
/* End PBXFileReference section */

/* Begin PBXFrameworksBuildPhase section */
		13B07F8C1A680F5B00A75B9A /* Frameworks */ = {
			isa = PBXFrameworksBuildPhase;
			buildActionMask = 2147483647;
			files = (
				00481BEA1AC0C89D00671115 /* libicucore.dylib in Frameworks */,
				146834051AC3E58100842450 /* libReact.a in Frameworks */,
				00481BE81AC0C86700671115 /* libRCTWebSocketDebugger.a in Frameworks */,
				00C302E51ABCBA2D00DB3ED1 /* libRCTActionSheet.a in Frameworks */,
				00C302E61ABCBA2D00DB3ED1 /* libRCTAdSupport.a in Frameworks */,
				00C302E71ABCBA2D00DB3ED1 /* libRCTGeolocation.a in Frameworks */,
				00C302E81ABCBA2D00DB3ED1 /* libRCTImage.a in Frameworks */,
				00C302E91ABCBA2D00DB3ED1 /* libRCTNetwork.a in Frameworks */,
				00C302EA1ABCBA2D00DB3ED1 /* libRCTVibration.a in Frameworks */,
				832341BD1AAA6AB300B99B32 /* libRCTText.a in Frameworks */,
			);
			runOnlyForDeploymentPostprocessing = 0;
		};
/* End PBXFrameworksBuildPhase section */

/* Begin PBXGroup section */
		00481BDC1AC0C7FA00671115 /* Products */ = {
			isa = PBXGroup;
			children = (
				00481BE61AC0C7FA00671115 /* libRCTWebSocketDebugger.a */,
			);
			name = Products;
			sourceTree = "<group>";
		};
		00C302A81ABCB8CE00DB3ED1 /* Products */ = {
			isa = PBXGroup;
			children = (
				00C302AC1ABCB8CE00DB3ED1 /* libRCTActionSheet.a */,
			);
			name = Products;
			sourceTree = "<group>";
		};
		00C302B01ABCB8E700DB3ED1 /* Products */ = {
			isa = PBXGroup;
			children = (
				00C302B41ABCB8E700DB3ED1 /* libRCTAdSupport.a */,
			);
			name = Products;
			sourceTree = "<group>";
		};
		00C302B61ABCB90400DB3ED1 /* Products */ = {
			isa = PBXGroup;
			children = (
				00C302BA1ABCB90400DB3ED1 /* libRCTGeolocation.a */,
			);
			name = Products;
			sourceTree = "<group>";
		};
		00C302BC1ABCB91800DB3ED1 /* Products */ = {
			isa = PBXGroup;
			children = (
				00C302C01ABCB91800DB3ED1 /* libRCTImage.a */,
			);
			name = Products;
			sourceTree = "<group>";
		};
		00C302D41ABCB9D200DB3ED1 /* Products */ = {
			isa = PBXGroup;
			children = (
				00C302DC1ABCB9D200DB3ED1 /* libRCTNetwork.a */,
			);
			name = Products;
			sourceTree = "<group>";
		};
		00C302E01ABCB9EE00DB3ED1 /* Products */ = {
			isa = PBXGroup;
			children = (
				00C302E41ABCB9EE00DB3ED1 /* libRCTVibration.a */,
			);
			name = Products;
			sourceTree = "<group>";
		};
		13B07FAE1A68108700A75B9A /* Main */ = {
			isa = PBXGroup;
			children = (
				13B07FAF1A68108700A75B9A /* AppDelegate.h */,
				13B07FB01A68108700A75B9A /* AppDelegate.m */,
				13B07FB51A68108700A75B9A /* Images.xcassets */,
				13B07FB61A68108700A75B9A /* Info.plist */,
				13B07FB11A68108700A75B9A /* LaunchScreen.xib */,
				13B07FB71A68108700A75B9A /* main.m */,
			);
			name = Main;
			sourceTree = "<group>";
		};
		146834001AC3E56700842450 /* Products */ = {
			isa = PBXGroup;
			children = (
				146834041AC3E56700842450 /* libReact.a */,
			);
			name = Products;
			sourceTree = "<group>";
		};
		2B53FC9C1AC89F5700985408 /* Animations */ = {
			isa = PBXGroup;
			children = (
				2B53FC9D1AC89F5700985408 /* SidebarAirbnbAnimation.h */,
				2B53FC9E1AC89F5700985408 /* SidebarAirbnbAnimation.m */,
				2B53FC9F1AC89F5700985408 /* SidebarAnimation.h */,
				2B53FCA01AC89F5700985408 /* SidebarAnimation.m */,
				2B53FCA11AC89F5700985408 /* SidebarFacebookAnimation.h */,
				2B53FCA21AC89F5700985408 /* SidebarFacebookAnimation.m */,
				2B53FCA31AC89F5700985408 /* SidebarFeedlyAnimation.h */,
				2B53FCA41AC89F5700985408 /* SidebarFeedlyAnimation.m */,
				2B53FCA51AC89F5700985408 /* SidebarFlipboardAnimation.h */,
				2B53FCA61AC89F5700985408 /* SidebarFlipboardAnimation.m */,
				2B53FCA71AC89F5700985408 /* SidebarLuvocracyAnimation.h */,
				2B53FCA81AC89F5700985408 /* SidebarLuvocracyAnimation.m */,
				2B53FCA91AC89F5700985408 /* SidebarWunderlistAnimation.h */,
				2B53FCAA1AC89F5700985408 /* SidebarWunderlistAnimation.m */,
			);
			name = Animations;
			path = iOS/Sidebar/Animations;
			sourceTree = SOURCE_ROOT;
		};
		3EC8977B1AC76F0D00497E8B /* Sidebar */ = {
			isa = PBXGroup;
			children = (
				2B53FC9C1AC89F5700985408 /* Animations */,
				2B53FCAB1AC89F5700985408 /* SidebarContentView.h */,
				2B53FCAC1AC89F5700985408 /* SidebarContentView.m */,
				2B53FCD31AC8AE9900985408 /* SidebarContentViewManager.h */,
				2B53FCD41AC8AE9900985408 /* SidebarContentViewManager.m */,
				2B53FCAD1AC89F5700985408 /* SidebarLeftView.h */,
				2B53FCAE1AC89F5700985408 /* SidebarLeftView.m */,
				2B53FCDF1AC8AEAD00985408 /* SidebarLeftViewManager.h */,
				2B53FCE01AC8AEAD00985408 /* SidebarLeftViewManager.m */,
				2B53FCBE1AC8A0DD00985408 /* SidebarMainView.h */,
				2B53FCBF1AC8A0DD00985408 /* SidebarMainView.m */,
				2B53FCAF1AC89F5700985408 /* SidebarMainViewManager.h */,
				2B53FCB01AC89F5700985408 /* SidebarMainViewManager.m */,
				2B53FCB11AC89F5700985408 /* TheSidebarController.h */,
				2B53FCB21AC89F5700985408 /* TheSidebarController.m */,
			);
			name = Sidebar;
			path = iOS/TheSidebarController;
			sourceTree = "<group>";
		};
		832341AE1AAA6A7D00B99B32 /* Libraries */ = {
			isa = PBXGroup;
			children = (
				146833FF1AC3E56700842450 /* React.xcodeproj */,
				832341B01AAA6A8300B99B32 /* RCTText.xcodeproj */,
				00C302A71ABCB8CE00DB3ED1 /* RCTActionSheet.xcodeproj */,
				00C302AF1ABCB8E700DB3ED1 /* RCTAdSupport.xcodeproj */,
				00C302B51ABCB90400DB3ED1 /* RCTGeolocation.xcodeproj */,
				00C302BB1ABCB91800DB3ED1 /* RCTImage.xcodeproj */,
				00C302D31ABCB9D200DB3ED1 /* RCTNetwork.xcodeproj */,
				00C302DF1ABCB9EE00DB3ED1 /* RCTVibration.xcodeproj */,
				00481BDB1AC0C7FA00671115 /* RCTWebSocketDebugger.xcodeproj */,
				00481BE91AC0C89D00671115 /* libicucore.dylib */,
			);
			name = Libraries;
			sourceTree = "<group>";
		};
		832341B11AAA6A8300B99B32 /* Products */ = {
			isa = PBXGroup;
			children = (
				832341B51AAA6A8300B99B32 /* libRCTText.a */,
			);
			name = Products;
			sourceTree = "<group>";
		};
		83CBB9F61A601CBA00E9B192 = {
			isa = PBXGroup;
			children = (
				13B07FAE1A68108700A75B9A /* Main */,
				832341AE1AAA6A7D00B99B32 /* Libraries */,
				83CBBA001A601CBA00E9B192 /* Products */,
				3EC8977B1AC76F0D00497E8B /* Sidebar */,
			);
			sourceTree = "<group>";
		};
		83CBBA001A601CBA00E9B192 /* Products */ = {
			isa = PBXGroup;
			children = (
				13B07F961A680F5B00A75B9A /* react-thesidebar.app */,
			);
			name = Products;
			sourceTree = "<group>";
		};
/* End PBXGroup section */

/* Begin PBXNativeTarget section */
		13B07F861A680F5B00A75B9A /* react-thesidebar */ = {
			isa = PBXNativeTarget;
			buildConfigurationList = 13B07F931A680F5B00A75B9A /* Build configuration list for PBXNativeTarget "react-thesidebar" */;
			buildPhases = (
				13B07F871A680F5B00A75B9A /* Sources */,
				13B07F8C1A680F5B00A75B9A /* Frameworks */,
				13B07F8E1A680F5B00A75B9A /* Resources */,
			);
			buildRules = (
			);
			dependencies = (
			);
			name = "react-thesidebar";
			productName = "Hello World";
			productReference = 13B07F961A680F5B00A75B9A /* react-thesidebar.app */;
			productType = "com.apple.product-type.application";
		};
/* End PBXNativeTarget section */

/* Begin PBXProject section */
		83CBB9F71A601CBA00E9B192 /* Project object */ = {
			isa = PBXProject;
			attributes = {
				LastUpgradeCheck = 0610;
				ORGANIZATIONNAME = Facebook;
			};
			buildConfigurationList = 83CBB9FA1A601CBA00E9B192 /* Build configuration list for PBXProject "react-thesidebar" */;
			compatibilityVersion = "Xcode 3.2";
			developmentRegion = English;
			hasScannedForEncodings = 0;
			knownRegions = (
				en,
				Base,
			);
			mainGroup = 83CBB9F61A601CBA00E9B192;
			productRefGroup = 83CBBA001A601CBA00E9B192 /* Products */;
			projectDirPath = "";
			projectReferences = (
				{
					ProductGroup = 00C302A81ABCB8CE00DB3ED1 /* Products */;
					ProjectRef = 00C302A71ABCB8CE00DB3ED1 /* RCTActionSheet.xcodeproj */;
				},
				{
					ProductGroup = 00C302B01ABCB8E700DB3ED1 /* Products */;
					ProjectRef = 00C302AF1ABCB8E700DB3ED1 /* RCTAdSupport.xcodeproj */;
				},
				{
					ProductGroup = 00C302B61ABCB90400DB3ED1 /* Products */;
					ProjectRef = 00C302B51ABCB90400DB3ED1 /* RCTGeolocation.xcodeproj */;
				},
				{
					ProductGroup = 00C302BC1ABCB91800DB3ED1 /* Products */;
					ProjectRef = 00C302BB1ABCB91800DB3ED1 /* RCTImage.xcodeproj */;
				},
				{
					ProductGroup = 00C302D41ABCB9D200DB3ED1 /* Products */;
					ProjectRef = 00C302D31ABCB9D200DB3ED1 /* RCTNetwork.xcodeproj */;
				},
				{
					ProductGroup = 832341B11AAA6A8300B99B32 /* Products */;
					ProjectRef = 832341B01AAA6A8300B99B32 /* RCTText.xcodeproj */;
				},
				{
					ProductGroup = 00C302E01ABCB9EE00DB3ED1 /* Products */;
					ProjectRef = 00C302DF1ABCB9EE00DB3ED1 /* RCTVibration.xcodeproj */;
				},
				{
					ProductGroup = 00481BDC1AC0C7FA00671115 /* Products */;
					ProjectRef = 00481BDB1AC0C7FA00671115 /* RCTWebSocketDebugger.xcodeproj */;
				},
				{
					ProductGroup = 146834001AC3E56700842450 /* Products */;
					ProjectRef = 146833FF1AC3E56700842450 /* React.xcodeproj */;
				},
			);
			projectRoot = "";
			targets = (
				13B07F861A680F5B00A75B9A /* react-thesidebar */,
			);
		};
/* End PBXProject section */

/* Begin PBXReferenceProxy section */
		00481BE61AC0C7FA00671115 /* libRCTWebSocketDebugger.a */ = {
			isa = PBXReferenceProxy;
			fileType = archive.ar;
			path = libRCTWebSocketDebugger.a;
			remoteRef = 00481BE51AC0C7FA00671115 /* PBXContainerItemProxy */;
			sourceTree = BUILT_PRODUCTS_DIR;
		};
		00C302AC1ABCB8CE00DB3ED1 /* libRCTActionSheet.a */ = {
			isa = PBXReferenceProxy;
			fileType = archive.ar;
			path = libRCTActionSheet.a;
			remoteRef = 00C302AB1ABCB8CE00DB3ED1 /* PBXContainerItemProxy */;
			sourceTree = BUILT_PRODUCTS_DIR;
		};
		00C302B41ABCB8E700DB3ED1 /* libRCTAdSupport.a */ = {
			isa = PBXReferenceProxy;
			fileType = archive.ar;
			path = libRCTAdSupport.a;
			remoteRef = 00C302B31ABCB8E700DB3ED1 /* PBXContainerItemProxy */;
			sourceTree = BUILT_PRODUCTS_DIR;
		};
		00C302BA1ABCB90400DB3ED1 /* libRCTGeolocation.a */ = {
			isa = PBXReferenceProxy;
			fileType = archive.ar;
			path = libRCTGeolocation.a;
			remoteRef = 00C302B91ABCB90400DB3ED1 /* PBXContainerItemProxy */;
			sourceTree = BUILT_PRODUCTS_DIR;
		};
		00C302C01ABCB91800DB3ED1 /* libRCTImage.a */ = {
			isa = PBXReferenceProxy;
			fileType = archive.ar;
			path = libRCTImage.a;
			remoteRef = 00C302BF1ABCB91800DB3ED1 /* PBXContainerItemProxy */;
			sourceTree = BUILT_PRODUCTS_DIR;
		};
		00C302DC1ABCB9D200DB3ED1 /* libRCTNetwork.a */ = {
			isa = PBXReferenceProxy;
			fileType = archive.ar;
			path = libRCTNetwork.a;
			remoteRef = 00C302DB1ABCB9D200DB3ED1 /* PBXContainerItemProxy */;
			sourceTree = BUILT_PRODUCTS_DIR;
		};
		00C302E41ABCB9EE00DB3ED1 /* libRCTVibration.a */ = {
			isa = PBXReferenceProxy;
			fileType = archive.ar;
			path = libRCTVibration.a;
			remoteRef = 00C302E31ABCB9EE00DB3ED1 /* PBXContainerItemProxy */;
			sourceTree = BUILT_PRODUCTS_DIR;
		};
		146834041AC3E56700842450 /* libReact.a */ = {
			isa = PBXReferenceProxy;
			fileType = archive.ar;
			path = libReact.a;
			remoteRef = 146834031AC3E56700842450 /* PBXContainerItemProxy */;
			sourceTree = BUILT_PRODUCTS_DIR;
		};
		832341B51AAA6A8300B99B32 /* libRCTText.a */ = {
			isa = PBXReferenceProxy;
			fileType = archive.ar;
			path = libRCTText.a;
			remoteRef = 832341B41AAA6A8300B99B32 /* PBXContainerItemProxy */;
			sourceTree = BUILT_PRODUCTS_DIR;
		};
/* End PBXReferenceProxy section */

/* Begin PBXResourcesBuildPhase section */
		13B07F8E1A680F5B00A75B9A /* Resources */ = {
			isa = PBXResourcesBuildPhase;
			buildActionMask = 2147483647;
			files = (
				13B07FBF1A68108700A75B9A /* Images.xcassets in Resources */,
				13B07FBD1A68108700A75B9A /* LaunchScreen.xib in Resources */,
			);
			runOnlyForDeploymentPostprocessing = 0;
		};
/* End PBXResourcesBuildPhase section */

/* Begin PBXSourcesBuildPhase section */
		13B07F871A680F5B00A75B9A /* Sources */ = {
			isa = PBXSourcesBuildPhase;
			buildActionMask = 2147483647;
			files = (
				2B53FCB81AC89F5700985408 /* SidebarLuvocracyAnimation.m in Sources */,
				2B53FCB61AC89F5700985408 /* SidebarFeedlyAnimation.m in Sources */,
				13B07FBC1A68108700A75B9A /* AppDelegate.m in Sources */,
				2B53FCBA1AC89F5700985408 /* SidebarContentView.m in Sources */,
				2B53FCBC1AC89F5700985408 /* SidebarMainViewManager.m in Sources */,
				2B53FCB91AC89F5700985408 /* SidebarWunderlistAnimation.m in Sources */,
				2B53FCD51AC8AE9900985408 /* SidebarContentViewManager.m in Sources */,
				2B53FCC01AC8A0DD00985408 /* SidebarMainView.m in Sources */,
				2B53FCBD1AC89F5700985408 /* TheSidebarController.m in Sources */,
				2B53FCB51AC89F5700985408 /* SidebarFacebookAnimation.m in Sources */,
				13B07FC11A68108700A75B9A /* main.m in Sources */,
				2B53FCB31AC89F5700985408 /* SidebarAirbnbAnimation.m in Sources */,
				2B53FCBB1AC89F5700985408 /* SidebarLeftView.m in Sources */,
				2B53FCB41AC89F5700985408 /* SidebarAnimation.m in Sources */,
				2B53FCE11AC8AEAD00985408 /* SidebarLeftViewManager.m in Sources */,
				2B53FCB71AC89F5700985408 /* SidebarFlipboardAnimation.m in Sources */,
			);
			runOnlyForDeploymentPostprocessing = 0;
		};
/* End PBXSourcesBuildPhase section */

/* Begin PBXVariantGroup section */
		13B07FB11A68108700A75B9A /* LaunchScreen.xib */ = {
			isa = PBXVariantGroup;
			children = (
				13B07FB21A68108700A75B9A /* Base */,
			);
			name = LaunchScreen.xib;
			path = iOS;
			sourceTree = "<group>";
		};
/* End PBXVariantGroup section */

/* Begin XCBuildConfiguration section */
		13B07F941A680F5B00A75B9A /* Debug */ = {
			isa = XCBuildConfiguration;
			buildSettings = {
				ASSETCATALOG_COMPILER_APPICON_NAME = AppIcon;
				CODE_SIGN_IDENTITY = "iPhone Developer";
				HEADER_SEARCH_PATHS = (
					"$(inherited)",
					/Applications/Xcode.app/Contents/Developer/Toolchains/XcodeDefault.xctoolchain/usr/include,
					"$(SRCROOT)/node_modules/react-native/React/**",
				);
				INFOPLIST_FILE = "$(SRCROOT)/iOS/Info.plist";
				IPHONEOS_DEPLOYMENT_TARGET = 7.1;
				LD_RUNPATH_SEARCH_PATHS = "$(inherited) @executable_path/Frameworks";
				OTHER_LDFLAGS = "-ObjC";
				PRODUCT_NAME = "react-thesidebar";
				TARGETED_DEVICE_FAMILY = 1;
			};
			name = Debug;
		};
		13B07F951A680F5B00A75B9A /* Release */ = {
			isa = XCBuildConfiguration;
			buildSettings = {
				ASSETCATALOG_COMPILER_APPICON_NAME = AppIcon;
				CODE_SIGN_IDENTITY = "iPhone Developer";
				HEADER_SEARCH_PATHS = (
					"$(inherited)",
					/Applications/Xcode.app/Contents/Developer/Toolchains/XcodeDefault.xctoolchain/usr/include,
					"$(SRCROOT)/node_modules/react-native/React/**",
				);
				INFOPLIST_FILE = "$(SRCROOT)/iOS/Info.plist";
				IPHONEOS_DEPLOYMENT_TARGET = 7.1;
				LD_RUNPATH_SEARCH_PATHS = "$(inherited) @executable_path/Frameworks";
				OTHER_LDFLAGS = "-ObjC";
				PRODUCT_NAME = "react-thesidebar";
				TARGETED_DEVICE_FAMILY = 1;
			};
			name = Release;
		};
		83CBBA201A601CBA00E9B192 /* Debug */ = {
			isa = XCBuildConfiguration;
			buildSettings = {
				ALWAYS_SEARCH_USER_PATHS = NO;
				CLANG_CXX_LANGUAGE_STANDARD = "gnu++0x";
				CLANG_CXX_LIBRARY = "libc++";
				CLANG_ENABLE_MODULES = YES;
				CLANG_ENABLE_OBJC_ARC = YES;
				CLANG_WARN_BOOL_CONVERSION = YES;
				CLANG_WARN_CONSTANT_CONVERSION = YES;
				CLANG_WARN_DIRECT_OBJC_ISA_USAGE = YES_ERROR;
				CLANG_WARN_EMPTY_BODY = YES;
				CLANG_WARN_ENUM_CONVERSION = YES;
				CLANG_WARN_INT_CONVERSION = YES;
				CLANG_WARN_OBJC_ROOT_CLASS = YES_ERROR;
				CLANG_WARN_UNREACHABLE_CODE = YES;
				CLANG_WARN__DUPLICATE_METHOD_MATCH = YES;
				"CODE_SIGN_IDENTITY[sdk=iphoneos*]" = "iPhone Developer";
				COPY_PHASE_STRIP = NO;
				ENABLE_STRICT_OBJC_MSGSEND = YES;
				GCC_C_LANGUAGE_STANDARD = gnu99;
				GCC_DYNAMIC_NO_PIC = NO;
				GCC_OPTIMIZATION_LEVEL = 0;
				GCC_PREPROCESSOR_DEFINITIONS = (
					"DEBUG=1",
					"$(inherited)",
				);
				GCC_SYMBOLS_PRIVATE_EXTERN = NO;
				GCC_WARN_64_TO_32_BIT_CONVERSION = YES;
				GCC_WARN_ABOUT_RETURN_TYPE = YES_ERROR;
				GCC_WARN_UNDECLARED_SELECTOR = YES;
				GCC_WARN_UNINITIALIZED_AUTOS = YES_AGGRESSIVE;
				GCC_WARN_UNUSED_FUNCTION = YES;
				GCC_WARN_UNUSED_VARIABLE = YES;
				HEADER_SEARCH_PATHS = (
					"$(inherited)",
					/Applications/Xcode.app/Contents/Developer/Toolchains/XcodeDefault.xctoolchain/usr/include,
					"$(SRCROOT)/node_modules/react-native/React/**",
				);
				IPHONEOS_DEPLOYMENT_TARGET = 7.0;
				MTL_ENABLE_DEBUG_INFO = YES;
				ONLY_ACTIVE_ARCH = YES;
				SDKROOT = iphoneos;
			};
			name = Debug;
		};
		83CBBA211A601CBA00E9B192 /* Release */ = {
			isa = XCBuildConfiguration;
			buildSettings = {
				ALWAYS_SEARCH_USER_PATHS = NO;
				CLANG_CXX_LANGUAGE_STANDARD = "gnu++0x";
				CLANG_CXX_LIBRARY = "libc++";
				CLANG_ENABLE_MODULES = YES;
				CLANG_ENABLE_OBJC_ARC = YES;
				CLANG_WARN_BOOL_CONVERSION = YES;
				CLANG_WARN_CONSTANT_CONVERSION = YES;
				CLANG_WARN_DIRECT_OBJC_ISA_USAGE = YES_ERROR;
				CLANG_WARN_EMPTY_BODY = YES;
				CLANG_WARN_ENUM_CONVERSION = YES;
				CLANG_WARN_INT_CONVERSION = YES;
				CLANG_WARN_OBJC_ROOT_CLASS = YES_ERROR;
				CLANG_WARN_UNREACHABLE_CODE = YES;
				CLANG_WARN__DUPLICATE_METHOD_MATCH = YES;
				"CODE_SIGN_IDENTITY[sdk=iphoneos*]" = "iPhone Developer";
				COPY_PHASE_STRIP = YES;
				ENABLE_NS_ASSERTIONS = NO;
				ENABLE_STRICT_OBJC_MSGSEND = YES;
				GCC_C_LANGUAGE_STANDARD = gnu99;
				GCC_WARN_64_TO_32_BIT_CONVERSION = YES;
				GCC_WARN_ABOUT_RETURN_TYPE = YES_ERROR;
				GCC_WARN_UNDECLARED_SELECTOR = YES;
				GCC_WARN_UNINITIALIZED_AUTOS = YES_AGGRESSIVE;
				GCC_WARN_UNUSED_FUNCTION = YES;
				GCC_WARN_UNUSED_VARIABLE = YES;
				HEADER_SEARCH_PATHS = (
					"$(inherited)",
					/Applications/Xcode.app/Contents/Developer/Toolchains/XcodeDefault.xctoolchain/usr/include,
					"$(SRCROOT)/node_modules/react-native/React/**",
				);
				IPHONEOS_DEPLOYMENT_TARGET = 7.0;
				MTL_ENABLE_DEBUG_INFO = NO;
				SDKROOT = iphoneos;
				VALIDATE_PRODUCT = YES;
			};
			name = Release;
		};
/* End XCBuildConfiguration section */

/* Begin XCConfigurationList section */
		13B07F931A680F5B00A75B9A /* Build configuration list for PBXNativeTarget "react-thesidebar" */ = {
			isa = XCConfigurationList;
			buildConfigurations = (
				13B07F941A680F5B00A75B9A /* Debug */,
				13B07F951A680F5B00A75B9A /* Release */,
			);
			defaultConfigurationIsVisible = 0;
			defaultConfigurationName = Release;
		};
		83CBB9FA1A601CBA00E9B192 /* Build configuration list for PBXProject "react-thesidebar" */ = {
			isa = XCConfigurationList;
			buildConfigurations = (
				83CBBA201A601CBA00E9B192 /* Debug */,
				83CBBA211A601CBA00E9B192 /* Release */,
			);
			defaultConfigurationIsVisible = 0;
			defaultConfigurationName = Release;
		};
/* End XCConfigurationList section */
	};
	rootObject = 83CBB9F71A601CBA00E9B192 /* Project object */;
}
